
Microsoft Visual Studio Solution File, Format Version 12.00
# Visual Studio Version 16
VisualStudioVersion = 16.0.31515.178
MinimumVisualStudioVersion = 10.0.40219.1
Project("{9A19103F-16F7-4668-BE54-9A1E7A4F7556}") = "ToDoApp", "ToDoApp\ToDoApp.csproj", "{511BC739-8B94-4307-A3B4-AE3220A1F208}"
EndProject
Project("{9A19103F-16F7-4668-BE54-9A1E7A4F7556}") = "ToDoApp.Domain", "ToDoApp.Domain\ToDoApp.Domain.csproj", "{B6735AE1-8DE0-47A5-82DD-D2849DDDA5BD}"
EndProject
Project("{9A19103F-16F7-4668-BE54-9A1E7A4F7556}") = "ToDoApp.Database", "ToDoApp.Database\ToDoApp.Database.csproj", "{3F77187F-9DC6-4FBA-8FA4-2713C228A89E}"
EndProject
Project("{FAE04EC0-301F-11D3-BF4B-00C04F79EFBC}") = "ToDoApp.Mapper", "ToDoApp.Mapper\ToDoApp.Mapper.csproj", "{A0973BD6-22E9-4571-A404-A14CCD01476E}"
EndProject
Global
	GlobalSection(SolutionConfigurationPlatforms) = preSolution
		Debug|Any CPU = Debug|Any CPU
		Release|Any CPU = Release|Any CPU
	EndGlobalSection
	GlobalSection(ProjectConfigurationPlatforms) = postSolution
		{511BC739-8B94-4307-A3B4-AE3220A1F208}.Debug|Any CPU.ActiveCfg = Debug|Any CPU
		{511BC739-8B94-4307-A3B4-AE3220A1F208}.Debug|Any CPU.Build.0 = Debug|Any CPU
		{511BC739-8B94-4307-A3B4-AE3220A1F208}.Release|Any CPU.ActiveCfg = Release|Any CPU
		{511BC739-8B94-4307-A3B4-AE3220A1F208}.Release|Any CPU.Build.0 = Release|Any CPU
		{B6735AE1-8DE0-47A5-82DD-D2849DDDA5BD}.Debug|Any CPU.ActiveCfg = Debug|Any CPU
		{B6735AE1-8DE0-47A5-82DD-D2849DDDA5BD}.Debug|Any CPU.Build.0 = Debug|Any CPU
		{B6735AE1-8DE0-47A5-82DD-D2849DDDA5BD}.Release|Any CPU.ActiveCfg = Release|Any CPU
		{B6735AE1-8DE0-47A5-82DD-D2849DDDA5BD}.Release|Any CPU.Build.0 = Release|Any CPU
		{3F77187F-9DC6-4FBA-8FA4-2713C228A89E}.Debug|Any CPU.ActiveCfg = Debug|Any CPU
		{3F77187F-9DC6-4FBA-8FA4-2713C228A89E}.Debug|Any CPU.Build.0 = Debug|Any CPU
		{3F77187F-9DC6-4FBA-8FA4-2713C228A89E}.Release|Any CPU.ActiveCfg = Release|Any CPU
		{3F77187F-9DC6-4FBA-8FA4-2713C228A89E}.Release|Any CPU.Build.0 = Release|Any CPU
		{A0973BD6-22E9-4571-A404-A14CCD01476E}.Debug|Any CPU.ActiveCfg = Debug|Any CPU
		{A0973BD6-22E9-4571-A404-A14CCD01476E}.Debug|Any CPU.Build.0 = Debug|Any CPU
		{A0973BD6-22E9-4571-A404-A14CCD01476E}.Release|Any CPU.ActiveCfg = Release|Any CPU
		{A0973BD6-22E9-4571-A404-A14CCD01476E}.Release|Any CPU.Build.0 = Release|Any CPU
	EndGlobalSection
	GlobalSection(SolutionProperties) = preSolution
		HideSolutionNode = FALSE
	EndGlobalSection
	GlobalSection(ExtensibilityGlobals) = postSolution
		SolutionGuid = {8672AA54-C0CA-4E16-AB84-FCD8135464E9}
	EndGlobalSection
EndGlobal
